// !$*UTF8*$!
{
	archiveVersion = 1;
	classes = {
	};
	objectVersion = 51;
	objects = {

/* Begin PBXBuildFile section */
		486E511BCF32B315B8488576 /* Pods_Vkontakte_VkontakteUITests.framework in Frameworks */ = {isa = PBXBuildFile; fileRef = 32A6FA6057A99B9EA53D60D3 /* Pods_Vkontakte_VkontakteUITests.framework */; };
		7CCBA4A8584DE77C0DAF7F59 /* Pods_Vkontakte.framework in Frameworks */ = {isa = PBXBuildFile; fileRef = E90D09CB78914D8B226D192A /* Pods_Vkontakte.framework */; };
		95287872B0C662516BE167FB /* Pods_VkontakteTests.framework in Frameworks */ = {isa = PBXBuildFile; fileRef = 79CCB643A525C8ED5E631E00 /* Pods_VkontakteTests.framework */; };
		9623966223793BDF00519B12 /* FriendPhotoResponseContainer.swift in Sources */ = {isa = PBXBuildFile; fileRef = 9623966123793BDF00519B12 /* FriendPhotoResponseContainer.swift */; };
		9623966423793BF700519B12 /* FriendsResponseContainer.swift in Sources */ = {isa = PBXBuildFile; fileRef = 9623966323793BF700519B12 /* FriendsResponseContainer.swift */; };
		9623966623793CDB00519B12 /* GroupResponseContainer.swift in Sources */ = {isa = PBXBuildFile; fileRef = 9623966523793CDB00519B12 /* GroupResponseContainer.swift */; };
		962EF0D72369A3FF009A6F19 /* FriendResponse.swift in Sources */ = {isa = PBXBuildFile; fileRef = 962EF0D62369A3FF009A6F19 /* FriendResponse.swift */; };
		962EF0D92369B659009A6F19 /* GroupResponse.swift in Sources */ = {isa = PBXBuildFile; fileRef = 962EF0D82369B659009A6F19 /* GroupResponse.swift */; };
		962EF0DB236ACE12009A6F19 /* FriendPhotoResponse.swift in Sources */ = {isa = PBXBuildFile; fileRef = 962EF0DA236ACE12009A6F19 /* FriendPhotoResponse.swift */; };
		9633B3E2235D404B00CD5F24 /* AlbumController.swift in Sources */ = {isa = PBXBuildFile; fileRef = 9633B3E1235D404B00CD5F24 /* AlbumController.swift */; };
		9633B3E4235D406100CD5F24 /* AlbumCell.swift in Sources */ = {isa = PBXBuildFile; fileRef = 9633B3E3235D406100CD5F24 /* AlbumCell.swift */; };
		9633B3E6235D451F00CD5F24 /* MyFriendsCell.swift in Sources */ = {isa = PBXBuildFile; fileRef = 9633B3E5235D451F00CD5F24 /* MyFriendsCell.swift */; };
		9633B3E8235D455F00CD5F24 /* MyFriendsController.swift in Sources */ = {isa = PBXBuildFile; fileRef = 9633B3E7235D455F00CD5F24 /* MyFriendsController.swift */; };
		963A1675235FE7E300C5B297 /* Session.swift in Sources */ = {isa = PBXBuildFile; fileRef = 963A1674235FE7E300C5B297 /* Session.swift */; };
		963A1677235FEB6600C5B297 /* MyAccountController.swift in Sources */ = {isa = PBXBuildFile; fileRef = 963A1676235FEB6600C5B297 /* MyAccountController.swift */; };
		9647AFAB235AB0D000BBC811 /* MyGroupsController.swift in Sources */ = {isa = PBXBuildFile; fileRef = 9647AFAA235AB0D000BBC811 /* MyGroupsController.swift */; };
		9647AFAD235AB10000BBC811 /* MyGroupsCell.swift in Sources */ = {isa = PBXBuildFile; fileRef = 9647AFAC235AB10000BBC811 /* MyGroupsCell.swift */; };
		96694CBD23555EC300377AEE /* AppDelegate.swift in Sources */ = {isa = PBXBuildFile; fileRef = 96694CBC23555EC300377AEE /* AppDelegate.swift */; };
		96694CBF23555EC300377AEE /* SceneDelegate.swift in Sources */ = {isa = PBXBuildFile; fileRef = 96694CBE23555EC300377AEE /* SceneDelegate.swift */; };
		96694CC423555EC300377AEE /* Main.storyboard in Resources */ = {isa = PBXBuildFile; fileRef = 96694CC223555EC300377AEE /* Main.storyboard */; };
		96694CC623555EC500377AEE /* Assets.xcassets in Resources */ = {isa = PBXBuildFile; fileRef = 96694CC523555EC500377AEE /* Assets.xcassets */; };
		96694CD423555EC500377AEE /* VkontakteTests.swift in Sources */ = {isa = PBXBuildFile; fileRef = 96694CD323555EC500377AEE /* VkontakteTests.swift */; };
		96694CDF23555EC500377AEE /* VkontakteUITests.swift in Sources */ = {isa = PBXBuildFile; fileRef = 96694CDE23555EC500377AEE /* VkontakteUITests.swift */; };
		96694CEE2355628100377AEE /* LoginFormViewController.swift in Sources */ = {isa = PBXBuildFile; fileRef = 96694CED2355628100377AEE /* LoginFormViewController.swift */; };
		968DFE57236716DF00C4BABF /* ResponseController.swift in Sources */ = {isa = PBXBuildFile; fileRef = 968DFE56236716DF00C4BABF /* ResponseController.swift */; };
		96A6A6E2236763AD00BB33F6 /* Friend.swift in Sources */ = {isa = PBXBuildFile; fileRef = 96A6A6E1236763AD00BB33F6 /* Friend.swift */; };
		96A6A6E42367661D00BB33F6 /* Group.swift in Sources */ = {isa = PBXBuildFile; fileRef = 96A6A6E32367661D00BB33F6 /* Group.swift */; };
		96A6A6E62367662B00BB33F6 /* FriendPhoto.swift in Sources */ = {isa = PBXBuildFile; fileRef = 96A6A6E52367662B00BB33F6 /* FriendPhoto.swift */; };
		96C83FDE237A4EBC0022B4C2 /* UserSettings.swift in Sources */ = {isa = PBXBuildFile; fileRef = 96C83FDD237A4EBC0022B4C2 /* UserSettings.swift */; };
		96D478BE235958B400496861 /* AllGroupsController.swift in Sources */ = {isa = PBXBuildFile; fileRef = 96D478BD235958B400496861 /* AllGroupsController.swift */; };
		96D478C0235958E300496861 /* AllGroupsCell.swift in Sources */ = {isa = PBXBuildFile; fileRef = 96D478BF235958E300496861 /* AllGroupsCell.swift */; };
		96FABB3E237B9C3500CDB475 /* GetVKAPI.swift in Sources */ = {isa = PBXBuildFile; fileRef = 96FABB3D237B9C3500CDB475 /* GetVKAPI.swift */; };
/* End PBXBuildFile section */

/* Begin PBXContainerItemProxy section */
		96694CD023555EC500377AEE /* PBXContainerItemProxy */ = {
			isa = PBXContainerItemProxy;
			containerPortal = 96694CB123555EC300377AEE /* Project object */;
			proxyType = 1;
			remoteGlobalIDString = 96694CB823555EC300377AEE;
			remoteInfo = Vkontakte;
		};
		96694CDB23555EC500377AEE /* PBXContainerItemProxy */ = {
			isa = PBXContainerItemProxy;
			containerPortal = 96694CB123555EC300377AEE /* Project object */;
			proxyType = 1;
			remoteGlobalIDString = 96694CB823555EC300377AEE;
			remoteInfo = Vkontakte;
		};
/* End PBXContainerItemProxy section */

/* Begin PBXFileReference section */
		016F880A888591A1324B2B8F /* Pods-VkontakteTests.release.xcconfig */ = {isa = PBXFileReference; includeInIndex = 1; lastKnownFileType = text.xcconfig; name = "Pods-VkontakteTests.release.xcconfig"; path = "Target Support Files/Pods-VkontakteTests/Pods-VkontakteTests.release.xcconfig"; sourceTree = "<group>"; };
		05708177A79EEF0234DF0EB0 /* Pods-Vkontakte.release.xcconfig */ = {isa = PBXFileReference; includeInIndex = 1; lastKnownFileType = text.xcconfig; name = "Pods-Vkontakte.release.xcconfig"; path = "Target Support Files/Pods-Vkontakte/Pods-Vkontakte.release.xcconfig"; sourceTree = "<group>"; };
		32A6FA6057A99B9EA53D60D3 /* Pods_Vkontakte_VkontakteUITests.framework */ = {isa = PBXFileReference; explicitFileType = wrapper.framework; includeInIndex = 0; path = Pods_Vkontakte_VkontakteUITests.framework; sourceTree = BUILT_PRODUCTS_DIR; };
		58B279B458CC39A29B6535C1 /* Pods-Vkontakte-VkontakteUITests.release.xcconfig */ = {isa = PBXFileReference; includeInIndex = 1; lastKnownFileType = text.xcconfig; name = "Pods-Vkontakte-VkontakteUITests.release.xcconfig"; path = "Target Support Files/Pods-Vkontakte-VkontakteUITests/Pods-Vkontakte-VkontakteUITests.release.xcconfig"; sourceTree = "<group>"; };
		79CCB643A525C8ED5E631E00 /* Pods_VkontakteTests.framework */ = {isa = PBXFileReference; explicitFileType = wrapper.framework; includeInIndex = 0; path = Pods_VkontakteTests.framework; sourceTree = BUILT_PRODUCTS_DIR; };
		9623966123793BDF00519B12 /* FriendPhotoResponseContainer.swift */ = {isa = PBXFileReference; lastKnownFileType = sourcecode.swift; path = FriendPhotoResponseContainer.swift; sourceTree = "<group>"; };
		9623966323793BF700519B12 /* FriendsResponseContainer.swift */ = {isa = PBXFileReference; lastKnownFileType = sourcecode.swift; path = FriendsResponseContainer.swift; sourceTree = "<group>"; };
		9623966523793CDB00519B12 /* GroupResponseContainer.swift */ = {isa = PBXFileReference; lastKnownFileType = sourcecode.swift; path = GroupResponseContainer.swift; sourceTree = "<group>"; };
		962EF0D62369A3FF009A6F19 /* FriendResponse.swift */ = {isa = PBXFileReference; lastKnownFileType = sourcecode.swift; path = FriendResponse.swift; sourceTree = "<group>"; };
		962EF0D82369B659009A6F19 /* GroupResponse.swift */ = {isa = PBXFileReference; lastKnownFileType = sourcecode.swift; path = GroupResponse.swift; sourceTree = "<group>"; };
		962EF0DA236ACE12009A6F19 /* FriendPhotoResponse.swift */ = {isa = PBXFileReference; lastKnownFileType = sourcecode.swift; path = FriendPhotoResponse.swift; sourceTree = "<group>"; };
		9633B3E1235D404B00CD5F24 /* AlbumController.swift */ = {isa = PBXFileReference; lastKnownFileType = sourcecode.swift; path = AlbumController.swift; sourceTree = "<group>"; };
		9633B3E3235D406100CD5F24 /* AlbumCell.swift */ = {isa = PBXFileReference; lastKnownFileType = sourcecode.swift; path = AlbumCell.swift; sourceTree = "<group>"; };
		9633B3E5235D451F00CD5F24 /* MyFriendsCell.swift */ = {isa = PBXFileReference; lastKnownFileType = sourcecode.swift; path = MyFriendsCell.swift; sourceTree = "<group>"; };
		9633B3E7235D455F00CD5F24 /* MyFriendsController.swift */ = {isa = PBXFileReference; lastKnownFileType = sourcecode.swift; path = MyFriendsController.swift; sourceTree = "<group>"; };
		963A1674235FE7E300C5B297 /* Session.swift */ = {isa = PBXFileReference; lastKnownFileType = sourcecode.swift; path = Session.swift; sourceTree = "<group>"; };
		963A1676235FEB6600C5B297 /* MyAccountController.swift */ = {isa = PBXFileReference; lastKnownFileType = sourcecode.swift; path = MyAccountController.swift; sourceTree = "<group>"; };
		9647AFAA235AB0D000BBC811 /* MyGroupsController.swift */ = {isa = PBXFileReference; lastKnownFileType = sourcecode.swift; path = MyGroupsController.swift; sourceTree = "<group>"; };
		9647AFAC235AB10000BBC811 /* MyGroupsCell.swift */ = {isa = PBXFileReference; lastKnownFileType = sourcecode.swift; path = MyGroupsCell.swift; sourceTree = "<group>"; };
		96694CB923555EC300377AEE /* Vkontakte.app */ = {isa = PBXFileReference; explicitFileType = wrapper.application; includeInIndex = 0; path = Vkontakte.app; sourceTree = BUILT_PRODUCTS_DIR; };
		96694CBC23555EC300377AEE /* AppDelegate.swift */ = {isa = PBXFileReference; lastKnownFileType = sourcecode.swift; path = AppDelegate.swift; sourceTree = "<group>"; };
		96694CBE23555EC300377AEE /* SceneDelegate.swift */ = {isa = PBXFileReference; lastKnownFileType = sourcecode.swift; path = SceneDelegate.swift; sourceTree = "<group>"; };
		96694CC323555EC300377AEE /* Base */ = {isa = PBXFileReference; lastKnownFileType = file.storyboard; name = Base; path = Base.lproj/Main.storyboard; sourceTree = "<group>"; };
		96694CC523555EC500377AEE /* Assets.xcassets */ = {isa = PBXFileReference; lastKnownFileType = folder.assetcatalog; path = Assets.xcassets; sourceTree = "<group>"; };
		96694CCA23555EC500377AEE /* Info.plist */ = {isa = PBXFileReference; lastKnownFileType = text.plist.xml; path = Info.plist; sourceTree = "<group>"; };
		96694CCF23555EC500377AEE /* VkontakteTests.xctest */ = {isa = PBXFileReference; explicitFileType = wrapper.cfbundle; includeInIndex = 0; path = VkontakteTests.xctest; sourceTree = BUILT_PRODUCTS_DIR; };
		96694CD323555EC500377AEE /* VkontakteTests.swift */ = {isa = PBXFileReference; lastKnownFileType = sourcecode.swift; path = VkontakteTests.swift; sourceTree = "<group>"; };
		96694CD523555EC500377AEE /* Info.plist */ = {isa = PBXFileReference; lastKnownFileType = text.plist.xml; path = Info.plist; sourceTree = "<group>"; };
		96694CDA23555EC500377AEE /* VkontakteUITests.xctest */ = {isa = PBXFileReference; explicitFileType = wrapper.cfbundle; includeInIndex = 0; path = VkontakteUITests.xctest; sourceTree = BUILT_PRODUCTS_DIR; };
		96694CDE23555EC500377AEE /* VkontakteUITests.swift */ = {isa = PBXFileReference; lastKnownFileType = sourcecode.swift; path = VkontakteUITests.swift; sourceTree = "<group>"; };
		96694CE023555EC500377AEE /* Info.plist */ = {isa = PBXFileReference; lastKnownFileType = text.plist.xml; path = Info.plist; sourceTree = "<group>"; };
		96694CED2355628100377AEE /* LoginFormViewController.swift */ = {isa = PBXFileReference; lastKnownFileType = sourcecode.swift; path = LoginFormViewController.swift; sourceTree = "<group>"; };
		968DFE56236716DF00C4BABF /* ResponseController.swift */ = {isa = PBXFileReference; lastKnownFileType = sourcecode.swift; path = ResponseController.swift; sourceTree = "<group>"; };
		96A6A6E1236763AD00BB33F6 /* Friend.swift */ = {isa = PBXFileReference; lastKnownFileType = sourcecode.swift; path = Friend.swift; sourceTree = "<group>"; };
		96A6A6E32367661D00BB33F6 /* Group.swift */ = {isa = PBXFileReference; lastKnownFileType = sourcecode.swift; path = Group.swift; sourceTree = "<group>"; };
		96A6A6E52367662B00BB33F6 /* FriendPhoto.swift */ = {isa = PBXFileReference; lastKnownFileType = sourcecode.swift; path = FriendPhoto.swift; sourceTree = "<group>"; };
		96C83FDD237A4EBC0022B4C2 /* UserSettings.swift */ = {isa = PBXFileReference; lastKnownFileType = sourcecode.swift; path = UserSettings.swift; sourceTree = "<group>"; };
		96D478BD235958B400496861 /* AllGroupsController.swift */ = {isa = PBXFileReference; lastKnownFileType = sourcecode.swift; path = AllGroupsController.swift; sourceTree = "<group>"; };
		96D478BF235958E300496861 /* AllGroupsCell.swift */ = {isa = PBXFileReference; lastKnownFileType = sourcecode.swift; path = AllGroupsCell.swift; sourceTree = "<group>"; };
		96FABB3D237B9C3500CDB475 /* GetVKAPI.swift */ = {isa = PBXFileReference; lastKnownFileType = sourcecode.swift; path = GetVKAPI.swift; sourceTree = "<group>"; };
		A8BE248A10E0A99D94A072A9 /* Pods-Vkontakte-VkontakteUITests.debug.xcconfig */ = {isa = PBXFileReference; includeInIndex = 1; lastKnownFileType = text.xcconfig; name = "Pods-Vkontakte-VkontakteUITests.debug.xcconfig"; path = "Target Support Files/Pods-Vkontakte-VkontakteUITests/Pods-Vkontakte-VkontakteUITests.debug.xcconfig"; sourceTree = "<group>"; };
		AE190D37CDBB1509AC40D49E /* Pods-Vkontakte.debug.xcconfig */ = {isa = PBXFileReference; includeInIndex = 1; lastKnownFileType = text.xcconfig; name = "Pods-Vkontakte.debug.xcconfig"; path = "Target Support Files/Pods-Vkontakte/Pods-Vkontakte.debug.xcconfig"; sourceTree = "<group>"; };
		D62AA880C547AB9D8CBE8960 /* Pods-VkontakteTests.debug.xcconfig */ = {isa = PBXFileReference; includeInIndex = 1; lastKnownFileType = text.xcconfig; name = "Pods-VkontakteTests.debug.xcconfig"; path = "Target Support Files/Pods-VkontakteTests/Pods-VkontakteTests.debug.xcconfig"; sourceTree = "<group>"; };
		E90D09CB78914D8B226D192A /* Pods_Vkontakte.framework */ = {isa = PBXFileReference; explicitFileType = wrapper.framework; includeInIndex = 0; path = Pods_Vkontakte.framework; sourceTree = BUILT_PRODUCTS_DIR; };
/* End PBXFileReference section */

/* Begin PBXFrameworksBuildPhase section */
		96694CB623555EC300377AEE /* Frameworks */ = {
			isa = PBXFrameworksBuildPhase;
			buildActionMask = 2147483647;
			files = (
				7CCBA4A8584DE77C0DAF7F59 /* Pods_Vkontakte.framework in Frameworks */,
			);
			runOnlyForDeploymentPostprocessing = 0;
		};
		96694CCC23555EC500377AEE /* Frameworks */ = {
			isa = PBXFrameworksBuildPhase;
			buildActionMask = 2147483647;
			files = (
				95287872B0C662516BE167FB /* Pods_VkontakteTests.framework in Frameworks */,
			);
			runOnlyForDeploymentPostprocessing = 0;
		};
		96694CD723555EC500377AEE /* Frameworks */ = {
			isa = PBXFrameworksBuildPhase;
			buildActionMask = 2147483647;
			files = (
				486E511BCF32B315B8488576 /* Pods_Vkontakte_VkontakteUITests.framework in Frameworks */,
			);
			runOnlyForDeploymentPostprocessing = 0;
		};
/* End PBXFrameworksBuildPhase section */

/* Begin PBXGroup section */
		9633B3E9235D468A00CD5F24 /* Model */ = {
			isa = PBXGroup;
			children = (
				96A6A6E1236763AD00BB33F6 /* Friend.swift */,
				962EF0D62369A3FF009A6F19 /* FriendResponse.swift */,
				9623966323793BF700519B12 /* FriendsResponseContainer.swift */,
				96A6A6E52367662B00BB33F6 /* FriendPhoto.swift */,
				962EF0DA236ACE12009A6F19 /* FriendPhotoResponse.swift */,
				9623966123793BDF00519B12 /* FriendPhotoResponseContainer.swift */,
				96A6A6E32367661D00BB33F6 /* Group.swift */,
				962EF0D82369B659009A6F19 /* GroupResponse.swift */,
				9623966523793CDB00519B12 /* GroupResponseContainer.swift */,
				963A1674235FE7E300C5B297 /* Session.swift */,
				96C83FDD237A4EBC0022B4C2 /* UserSettings.swift */,
			);
			path = Model;
			sourceTree = "<group>";
		};
		96694CB023555EC300377AEE = {
			isa = PBXGroup;
			children = (
				96694CBB23555EC300377AEE /* Vkontakte */,
				96694CD223555EC500377AEE /* VkontakteTests */,
				96694CDD23555EC500377AEE /* VkontakteUITests */,
				96694CBA23555EC300377AEE /* Products */,
				A3BE5C01F64477F092A615B4 /* Pods */,
				EB3437F551C0CEE27FA5A4AD /* Frameworks */,
			);
			sourceTree = "<group>";
		};
		96694CBA23555EC300377AEE /* Products */ = {
			isa = PBXGroup;
			children = (
				96694CB923555EC300377AEE /* Vkontakte.app */,
				96694CCF23555EC500377AEE /* VkontakteTests.xctest */,
				96694CDA23555EC500377AEE /* VkontakteUITests.xctest */,
			);
			name = Products;
			sourceTree = "<group>";
		};
		96694CBB23555EC300377AEE /* Vkontakte */ = {
			isa = PBXGroup;
			children = (
				96694CC223555EC300377AEE /* Main.storyboard */,
				96694CCA23555EC500377AEE /* Info.plist */,
				96694CBC23555EC300377AEE /* AppDelegate.swift */,
				96694CBE23555EC300377AEE /* SceneDelegate.swift */,
				96694CC523555EC500377AEE /* Assets.xcassets */,
				96D478C1235958ED00496861 /* Cells */,
				96694CEC23555F0D00377AEE /* ViewControllers */,
				9633B3E9235D468A00CD5F24 /* Model */,
			);
			path = Vkontakte;
			sourceTree = "<group>";
		};
		96694CD223555EC500377AEE /* VkontakteTests */ = {
			isa = PBXGroup;
			children = (
				96694CD323555EC500377AEE /* VkontakteTests.swift */,
				96694CD523555EC500377AEE /* Info.plist */,
			);
			path = VkontakteTests;
			sourceTree = "<group>";
		};
		96694CDD23555EC500377AEE /* VkontakteUITests */ = {
			isa = PBXGroup;
			children = (
				96694CDE23555EC500377AEE /* VkontakteUITests.swift */,
				96694CE023555EC500377AEE /* Info.plist */,
			);
			path = VkontakteUITests;
			sourceTree = "<group>";
		};
		96694CEC23555F0D00377AEE /* ViewControllers */ = {
			isa = PBXGroup;
			children = (
				96694CED2355628100377AEE /* LoginFormViewController.swift */,
				9633B3E7235D455F00CD5F24 /* MyFriendsController.swift */,
				9633B3E1235D404B00CD5F24 /* AlbumController.swift */,
				9647AFAA235AB0D000BBC811 /* MyGroupsController.swift */,
				96D478BD235958B400496861 /* AllGroupsController.swift */,
				963A1676235FEB6600C5B297 /* MyAccountController.swift */,
				968DFE56236716DF00C4BABF /* ResponseController.swift */,
				96FABB3D237B9C3500CDB475 /* GetVKAPI.swift */,
			);
			path = ViewControllers;
			sourceTree = "<group>";
		};
		96D478C1235958ED00496861 /* Cells */ = {
			isa = PBXGroup;
			children = (
				9633B3E5235D451F00CD5F24 /* MyFriendsCell.swift */,
				9633B3E3235D406100CD5F24 /* AlbumCell.swift */,
				9647AFAC235AB10000BBC811 /* MyGroupsCell.swift */,
				96D478BF235958E300496861 /* AllGroupsCell.swift */,
			);
			path = Cells;
			sourceTree = "<group>";
		};
		A3BE5C01F64477F092A615B4 /* Pods */ = {
			isa = PBXGroup;
			children = (
				AE190D37CDBB1509AC40D49E /* Pods-Vkontakte.debug.xcconfig */,
				05708177A79EEF0234DF0EB0 /* Pods-Vkontakte.release.xcconfig */,
				A8BE248A10E0A99D94A072A9 /* Pods-Vkontakte-VkontakteUITests.debug.xcconfig */,
				58B279B458CC39A29B6535C1 /* Pods-Vkontakte-VkontakteUITests.release.xcconfig */,
				D62AA880C547AB9D8CBE8960 /* Pods-VkontakteTests.debug.xcconfig */,
				016F880A888591A1324B2B8F /* Pods-VkontakteTests.release.xcconfig */,
			);
			path = Pods;
			sourceTree = "<group>";
		};
		EB3437F551C0CEE27FA5A4AD /* Frameworks */ = {
			isa = PBXGroup;
			children = (
				E90D09CB78914D8B226D192A /* Pods_Vkontakte.framework */,
				32A6FA6057A99B9EA53D60D3 /* Pods_Vkontakte_VkontakteUITests.framework */,
				79CCB643A525C8ED5E631E00 /* Pods_VkontakteTests.framework */,
			);
			name = Frameworks;
			sourceTree = "<group>";
		};
/* End PBXGroup section */

/* Begin PBXNativeTarget section */
		96694CB823555EC300377AEE /* Vkontakte */ = {
			isa = PBXNativeTarget;
			buildConfigurationList = 96694CE323555EC500377AEE /* Build configuration list for PBXNativeTarget "Vkontakte" */;
			buildPhases = (
				4AACB1ED7F0C21624BC27AF3 /* [CP] Check Pods Manifest.lock */,
				96694CB523555EC300377AEE /* Sources */,
				96694CB623555EC300377AEE /* Frameworks */,
				96694CB723555EC300377AEE /* Resources */,
				2B36CD62388E0ABD068EF419 /* [CP] Embed Pods Frameworks */,
			);
			buildRules = (
			);
			dependencies = (
			);
			name = Vkontakte;
			productName = Vkontakte;
			productReference = 96694CB923555EC300377AEE /* Vkontakte.app */;
			productType = "com.apple.product-type.application";
		};
		96694CCE23555EC500377AEE /* VkontakteTests */ = {
			isa = PBXNativeTarget;
			buildConfigurationList = 96694CE623555EC500377AEE /* Build configuration list for PBXNativeTarget "VkontakteTests" */;
			buildPhases = (
				F84117D09E3B2CFFE2D9CCEA /* [CP] Check Pods Manifest.lock */,
				96694CCB23555EC500377AEE /* Sources */,
				96694CCC23555EC500377AEE /* Frameworks */,
				96694CCD23555EC500377AEE /* Resources */,
			);
			buildRules = (
			);
			dependencies = (
				96694CD123555EC500377AEE /* PBXTargetDependency */,
			);
			name = VkontakteTests;
			productName = VkontakteTests;
			productReference = 96694CCF23555EC500377AEE /* VkontakteTests.xctest */;
			productType = "com.apple.product-type.bundle.unit-test";
		};
		96694CD923555EC500377AEE /* VkontakteUITests */ = {
			isa = PBXNativeTarget;
			buildConfigurationList = 96694CE923555EC500377AEE /* Build configuration list for PBXNativeTarget "VkontakteUITests" */;
			buildPhases = (
				6261F6FD1E15A90FE8961C44 /* [CP] Check Pods Manifest.lock */,
				96694CD623555EC500377AEE /* Sources */,
				96694CD723555EC500377AEE /* Frameworks */,
				96694CD823555EC500377AEE /* Resources */,
				4E148221340C3F7E6FDBF2A4 /* [CP] Embed Pods Frameworks */,
			);
			buildRules = (
			);
			dependencies = (
				96694CDC23555EC500377AEE /* PBXTargetDependency */,
			);
			name = VkontakteUITests;
			productName = VkontakteUITests;
			productReference = 96694CDA23555EC500377AEE /* VkontakteUITests.xctest */;
			productType = "com.apple.product-type.bundle.ui-testing";
		};
/* End PBXNativeTarget section */

/* Begin PBXProject section */
		96694CB123555EC300377AEE /* Project object */ = {
			isa = PBXProject;
			attributes = {
				LastSwiftUpdateCheck = 1110;
				LastUpgradeCheck = 1110;
				ORGANIZATIONNAME = "EVM Corporation";
				TargetAttributes = {
					96694CB823555EC300377AEE = {
						CreatedOnToolsVersion = 11.1;
					};
					96694CCE23555EC500377AEE = {
						CreatedOnToolsVersion = 11.1;
						TestTargetID = 96694CB823555EC300377AEE;
					};
					96694CD923555EC500377AEE = {
						CreatedOnToolsVersion = 11.1;
						TestTargetID = 96694CB823555EC300377AEE;
					};
				};
			};
			buildConfigurationList = 96694CB423555EC300377AEE /* Build configuration list for PBXProject "Vkontakte" */;
			compatibilityVersion = "Xcode 9.3";
			developmentRegion = en;
			hasScannedForEncodings = 0;
			knownRegions = (
				en,
				Base,
			);
			mainGroup = 96694CB023555EC300377AEE;
			productRefGroup = 96694CBA23555EC300377AEE /* Products */;
			projectDirPath = "";
			projectRoot = "";
			targets = (
				96694CB823555EC300377AEE /* Vkontakte */,
				96694CCE23555EC500377AEE /* VkontakteTests */,
				96694CD923555EC500377AEE /* VkontakteUITests */,
			);
		};
/* End PBXProject section */

/* Begin PBXResourcesBuildPhase section */
		96694CB723555EC300377AEE /* Resources */ = {
			isa = PBXResourcesBuildPhase;
			buildActionMask = 2147483647;
			files = (
				96694CC623555EC500377AEE /* Assets.xcassets in Resources */,
				96694CC423555EC300377AEE /* Main.storyboard in Resources */,
			);
			runOnlyForDeploymentPostprocessing = 0;
		};
		96694CCD23555EC500377AEE /* Resources */ = {
			isa = PBXResourcesBuildPhase;
			buildActionMask = 2147483647;
			files = (
			);
			runOnlyForDeploymentPostprocessing = 0;
		};
		96694CD823555EC500377AEE /* Resources */ = {
			isa = PBXResourcesBuildPhase;
			buildActionMask = 2147483647;
			files = (
			);
			runOnlyForDeploymentPostprocessing = 0;
		};
/* End PBXResourcesBuildPhase section */

/* Begin PBXShellScriptBuildPhase section */
		2B36CD62388E0ABD068EF419 /* [CP] Embed Pods Frameworks */ = {
			isa = PBXShellScriptBuildPhase;
			buildActionMask = 2147483647;
			files = (
			);
			inputFileListPaths = (
				"${PODS_ROOT}/Target Support Files/Pods-Vkontakte/Pods-Vkontakte-frameworks-${CONFIGURATION}-input-files.xcfilelist",
			);
			name = "[CP] Embed Pods Frameworks";
			outputFileListPaths = (
				"${PODS_ROOT}/Target Support Files/Pods-Vkontakte/Pods-Vkontakte-frameworks-${CONFIGURATION}-output-files.xcfilelist",
			);
			runOnlyForDeploymentPostprocessing = 0;
			shellPath = /bin/sh;
			shellScript = "\"${PODS_ROOT}/Target Support Files/Pods-Vkontakte/Pods-Vkontakte-frameworks.sh\"\n";
			showEnvVarsInLog = 0;
		};
		4AACB1ED7F0C21624BC27AF3 /* [CP] Check Pods Manifest.lock */ = {
			isa = PBXShellScriptBuildPhase;
			buildActionMask = 2147483647;
			files = (
			);
			inputFileListPaths = (
			);
			inputPaths = (
				"${PODS_PODFILE_DIR_PATH}/Podfile.lock",
				"${PODS_ROOT}/Manifest.lock",
			);
			name = "[CP] Check Pods Manifest.lock";
			outputFileListPaths = (
			);
			outputPaths = (
				"$(DERIVED_FILE_DIR)/Pods-Vkontakte-checkManifestLockResult.txt",
			);
			runOnlyForDeploymentPostprocessing = 0;
			shellPath = /bin/sh;
			shellScript = "diff \"${PODS_PODFILE_DIR_PATH}/Podfile.lock\" \"${PODS_ROOT}/Manifest.lock\" > /dev/null\nif [ $? != 0 ] ; then\n    # print error to STDERR\n    echo \"error: The sandbox is not in sync with the Podfile.lock. Run 'pod install' or update your CocoaPods installation.\" >&2\n    exit 1\nfi\n# This output is used by Xcode 'outputs' to avoid re-running this script phase.\necho \"SUCCESS\" > \"${SCRIPT_OUTPUT_FILE_0}\"\n";
			showEnvVarsInLog = 0;
		};
		4E148221340C3F7E6FDBF2A4 /* [CP] Embed Pods Frameworks */ = {
			isa = PBXShellScriptBuildPhase;
			buildActionMask = 2147483647;
			files = (
			);
			inputFileListPaths = (
				"${PODS_ROOT}/Target Support Files/Pods-Vkontakte-VkontakteUITests/Pods-Vkontakte-VkontakteUITests-frameworks-${CONFIGURATION}-input-files.xcfilelist",
			);
			name = "[CP] Embed Pods Frameworks";
			outputFileListPaths = (
				"${PODS_ROOT}/Target Support Files/Pods-Vkontakte-VkontakteUITests/Pods-Vkontakte-VkontakteUITests-frameworks-${CONFIGURATION}-output-files.xcfilelist",
			);
			runOnlyForDeploymentPostprocessing = 0;
			shellPath = /bin/sh;
			shellScript = "\"${PODS_ROOT}/Target Support Files/Pods-Vkontakte-VkontakteUITests/Pods-Vkontakte-VkontakteUITests-frameworks.sh\"\n";
			showEnvVarsInLog = 0;
		};
		6261F6FD1E15A90FE8961C44 /* [CP] Check Pods Manifest.lock */ = {
			isa = PBXShellScriptBuildPhase;
			buildActionMask = 2147483647;
			files = (
			);
			inputFileListPaths = (
			);
			inputPaths = (
				"${PODS_PODFILE_DIR_PATH}/Podfile.lock",
				"${PODS_ROOT}/Manifest.lock",
			);
			name = "[CP] Check Pods Manifest.lock";
			outputFileListPaths = (
			);
			outputPaths = (
				"$(DERIVED_FILE_DIR)/Pods-Vkontakte-VkontakteUITests-checkManifestLockResult.txt",
			);
			runOnlyForDeploymentPostprocessing = 0;
			shellPath = /bin/sh;
			shellScript = "diff \"${PODS_PODFILE_DIR_PATH}/Podfile.lock\" \"${PODS_ROOT}/Manifest.lock\" > /dev/null\nif [ $? != 0 ] ; then\n    # print error to STDERR\n    echo \"error: The sandbox is not in sync with the Podfile.lock. Run 'pod install' or update your CocoaPods installation.\" >&2\n    exit 1\nfi\n# This output is used by Xcode 'outputs' to avoid re-running this script phase.\necho \"SUCCESS\" > \"${SCRIPT_OUTPUT_FILE_0}\"\n";
			showEnvVarsInLog = 0;
		};
		F84117D09E3B2CFFE2D9CCEA /* [CP] Check Pods Manifest.lock */ = {
			isa = PBXShellScriptBuildPhase;
			buildActionMask = 2147483647;
			files = (
			);
			inputFileListPaths = (
			);
			inputPaths = (
				"${PODS_PODFILE_DIR_PATH}/Podfile.lock",
				"${PODS_ROOT}/Manifest.lock",
			);
			name = "[CP] Check Pods Manifest.lock";
			outputFileListPaths = (
			);
			outputPaths = (
				"$(DERIVED_FILE_DIR)/Pods-VkontakteTests-checkManifestLockResult.txt",
			);
			runOnlyForDeploymentPostprocessing = 0;
			shellPath = /bin/sh;
			shellScript = "diff \"${PODS_PODFILE_DIR_PATH}/Podfile.lock\" \"${PODS_ROOT}/Manifest.lock\" > /dev/null\nif [ $? != 0 ] ; then\n    # print error to STDERR\n    echo \"error: The sandbox is not in sync with the Podfile.lock. Run 'pod install' or update your CocoaPods installation.\" >&2\n    exit 1\nfi\n# This output is used by Xcode 'outputs' to avoid re-running this script phase.\necho \"SUCCESS\" > \"${SCRIPT_OUTPUT_FILE_0}\"\n";
			showEnvVarsInLog = 0;
		};
/* End PBXShellScriptBuildPhase section */

/* Begin PBXSourcesBuildPhase section */
		96694CB523555EC300377AEE /* Sources */ = {
			isa = PBXSourcesBuildPhase;
			buildActionMask = 2147483647;
			files = (
				963A1675235FE7E300C5B297 /* Session.swift in Sources */,
				962EF0DB236ACE12009A6F19 /* FriendPhotoResponse.swift in Sources */,
				96694CEE2355628100377AEE /* LoginFormViewController.swift in Sources */,
				9633B3E6235D451F00CD5F24 /* MyFriendsCell.swift in Sources */,
				962EF0D92369B659009A6F19 /* GroupResponse.swift in Sources */,
				9647AFAB235AB0D000BBC811 /* MyGroupsController.swift in Sources */,
				96694CBD23555EC300377AEE /* AppDelegate.swift in Sources */,
				9633B3E8235D455F00CD5F24 /* MyFriendsController.swift in Sources */,
				96694CBF23555EC300377AEE /* SceneDelegate.swift in Sources */,
				96A6A6E2236763AD00BB33F6 /* Friend.swift in Sources */,
				96FABB3E237B9C3500CDB475 /* GetVKAPI.swift in Sources */,
				96A6A6E42367661D00BB33F6 /* Group.swift in Sources */,
				96D478C0235958E300496861 /* AllGroupsCell.swift in Sources */,
				9633B3E2235D404B00CD5F24 /* AlbumController.swift in Sources */,
				96C83FDE237A4EBC0022B4C2 /* UserSettings.swift in Sources */,
				96A6A6E62367662B00BB33F6 /* FriendPhoto.swift in Sources */,
				963A1677235FEB6600C5B297 /* MyAccountController.swift in Sources */,
				962EF0D72369A3FF009A6F19 /* FriendResponse.swift in Sources */,
				968DFE57236716DF00C4BABF /* ResponseController.swift in Sources */,
				96D478BE235958B400496861 /* AllGroupsController.swift in Sources */,
				9623966423793BF700519B12 /* FriendsResponseContainer.swift in Sources */,
				9647AFAD235AB10000BBC811 /* MyGroupsCell.swift in Sources */,
				9623966623793CDB00519B12 /* GroupResponseContainer.swift in Sources */,
				9633B3E4235D406100CD5F24 /* AlbumCell.swift in Sources */,
				9623966223793BDF00519B12 /* FriendPhotoResponseContainer.swift in Sources */,
			);
			runOnlyForDeploymentPostprocessing = 0;
		};
		96694CCB23555EC500377AEE /* Sources */ = {
			isa = PBXSourcesBuildPhase;
			buildActionMask = 2147483647;
			files = (
				96694CD423555EC500377AEE /* VkontakteTests.swift in Sources */,
			);
			runOnlyForDeploymentPostprocessing = 0;
		};
		96694CD623555EC500377AEE /* Sources */ = {
			isa = PBXSourcesBuildPhase;
			buildActionMask = 2147483647;
			files = (
				96694CDF23555EC500377AEE /* VkontakteUITests.swift in Sources */,
			);
			runOnlyForDeploymentPostprocessing = 0;
		};
/* End PBXSourcesBuildPhase section */

/* Begin PBXTargetDependency section */
		96694CD123555EC500377AEE /* PBXTargetDependency */ = {
			isa = PBXTargetDependency;
			target = 96694CB823555EC300377AEE /* Vkontakte */;
			targetProxy = 96694CD023555EC500377AEE /* PBXContainerItemProxy */;
		};
		96694CDC23555EC500377AEE /* PBXTargetDependency */ = {
			isa = PBXTargetDependency;
			target = 96694CB823555EC300377AEE /* Vkontakte */;
			targetProxy = 96694CDB23555EC500377AEE /* PBXContainerItemProxy */;
		};
/* End PBXTargetDependency section */

/* Begin PBXVariantGroup section */
		96694CC223555EC300377AEE /* Main.storyboard */ = {
			isa = PBXVariantGroup;
			children = (
				96694CC323555EC300377AEE /* Base */,
			);
			name = Main.storyboard;
			sourceTree = "<group>";
		};
/* End PBXVariantGroup section */

/* Begin XCBuildConfiguration section */
		96694CE123555EC500377AEE /* Debug */ = {
			isa = XCBuildConfiguration;
			buildSettings = {
				ALWAYS_SEARCH_USER_PATHS = NO;
				CLANG_ANALYZER_NONNULL = YES;
				CLANG_ANALYZER_NUMBER_OBJECT_CONVERSION = YES_AGGRESSIVE;
				CLANG_CXX_LANGUAGE_STANDARD = "gnu++14";
				CLANG_CXX_LIBRARY = "libc++";
				CLANG_ENABLE_MODULES = YES;
				CLANG_ENABLE_OBJC_ARC = YES;
				CLANG_ENABLE_OBJC_WEAK = YES;
				CLANG_WARN_BLOCK_CAPTURE_AUTORELEASING = YES;
				CLANG_WARN_BOOL_CONVERSION = YES;
				CLANG_WARN_COMMA = YES;
				CLANG_WARN_CONSTANT_CONVERSION = YES;
				CLANG_WARN_DEPRECATED_OBJC_IMPLEMENTATIONS = YES;
				CLANG_WARN_DIRECT_OBJC_ISA_USAGE = YES_ERROR;
				CLANG_WARN_DOCUMENTATION_COMMENTS = YES;
				CLANG_WARN_EMPTY_BODY = YES;
				CLANG_WARN_ENUM_CONVERSION = YES;
				CLANG_WARN_INFINITE_RECURSION = YES;
				CLANG_WARN_INT_CONVERSION = YES;
				CLANG_WARN_NON_LITERAL_NULL_CONVERSION = YES;
				CLANG_WARN_OBJC_IMPLICIT_RETAIN_SELF = YES;
				CLANG_WARN_OBJC_LITERAL_CONVERSION = YES;
				CLANG_WARN_OBJC_ROOT_CLASS = YES_ERROR;
				CLANG_WARN_RANGE_LOOP_ANALYSIS = YES;
				CLANG_WARN_STRICT_PROTOTYPES = YES;
				CLANG_WARN_SUSPICIOUS_MOVE = YES;
				CLANG_WARN_UNGUARDED_AVAILABILITY = YES_AGGRESSIVE;
				CLANG_WARN_UNREACHABLE_CODE = YES;
				CLANG_WARN__DUPLICATE_METHOD_MATCH = YES;
				COPY_PHASE_STRIP = NO;
				DEBUG_INFORMATION_FORMAT = dwarf;
				ENABLE_STRICT_OBJC_MSGSEND = YES;
				ENABLE_TESTABILITY = YES;
				GCC_C_LANGUAGE_STANDARD = gnu11;
				GCC_DYNAMIC_NO_PIC = NO;
				GCC_NO_COMMON_BLOCKS = YES;
				GCC_OPTIMIZATION_LEVEL = 0;
				GCC_PREPROCESSOR_DEFINITIONS = (
					"DEBUG=1",
					"$(inherited)",
				);
				GCC_WARN_64_TO_32_BIT_CONVERSION = YES;
				GCC_WARN_ABOUT_RETURN_TYPE = YES_ERROR;
				GCC_WARN_UNDECLARED_SELECTOR = YES;
				GCC_WARN_UNINITIALIZED_AUTOS = YES_AGGRESSIVE;
				GCC_WARN_UNUSED_FUNCTION = YES;
				GCC_WARN_UNUSED_VARIABLE = YES;
				IPHONEOS_DEPLOYMENT_TARGET = 13.1;
				MTL_ENABLE_DEBUG_INFO = INCLUDE_SOURCE;
				MTL_FAST_MATH = YES;
				ONLY_ACTIVE_ARCH = YES;
				SDKROOT = iphoneos;
				SWIFT_ACTIVE_COMPILATION_CONDITIONS = DEBUG;
				SWIFT_OPTIMIZATION_LEVEL = "-Onone";
			};
			name = Debug;
		};
		96694CE223555EC500377AEE /* Release */ = {
			isa = XCBuildConfiguration;
			buildSettings = {
				ALWAYS_SEARCH_USER_PATHS = NO;
				CLANG_ANALYZER_NONNULL = YES;
				CLANG_ANALYZER_NUMBER_OBJECT_CONVERSION = YES_AGGRESSIVE;
				CLANG_CXX_LANGUAGE_STANDARD = "gnu++14";
				CLANG_CXX_LIBRARY = "libc++";
				CLANG_ENABLE_MODULES = YES;
				CLANG_ENABLE_OBJC_ARC = YES;
				CLANG_ENABLE_OBJC_WEAK = YES;
				CLANG_WARN_BLOCK_CAPTURE_AUTORELEASING = YES;
				CLANG_WARN_BOOL_CONVERSION = YES;
				CLANG_WARN_COMMA = YES;
				CLANG_WARN_CONSTANT_CONVERSION = YES;
				CLANG_WARN_DEPRECATED_OBJC_IMPLEMENTATIONS = YES;
				CLANG_WARN_DIRECT_OBJC_ISA_USAGE = YES_ERROR;
				CLANG_WARN_DOCUMENTATION_COMMENTS = YES;
				CLANG_WARN_EMPTY_BODY = YES;
				CLANG_WARN_ENUM_CONVERSION = YES;
				CLANG_WARN_INFINITE_RECURSION = YES;
				CLANG_WARN_INT_CONVERSION = YES;
				CLANG_WARN_NON_LITERAL_NULL_CONVERSION = YES;
				CLANG_WARN_OBJC_IMPLICIT_RETAIN_SELF = YES;
				CLANG_WARN_OBJC_LITERAL_CONVERSION = YES;
				CLANG_WARN_OBJC_ROOT_CLASS = YES_ERROR;
				CLANG_WARN_RANGE_LOOP_ANALYSIS = YES;
				CLANG_WARN_STRICT_PROTOTYPES = YES;
				CLANG_WARN_SUSPICIOUS_MOVE = YES;
				CLANG_WARN_UNGUARDED_AVAILABILITY = YES_AGGRESSIVE;
				CLANG_WARN_UNREACHABLE_CODE = YES;
				CLANG_WARN__DUPLICATE_METHOD_MATCH = YES;
				COPY_PHASE_STRIP = NO;
				DEBUG_INFORMATION_FORMAT = "dwarf-with-dsym";
				ENABLE_NS_ASSERTIONS = NO;
				ENABLE_STRICT_OBJC_MSGSEND = YES;
				GCC_C_LANGUAGE_STANDARD = gnu11;
				GCC_NO_COMMON_BLOCKS = YES;
				GCC_WARN_64_TO_32_BIT_CONVERSION = YES;
				GCC_WARN_ABOUT_RETURN_TYPE = YES_ERROR;
				GCC_WARN_UNDECLARED_SELECTOR = YES;
				GCC_WARN_UNINITIALIZED_AUTOS = YES_AGGRESSIVE;
				GCC_WARN_UNUSED_FUNCTION = YES;
				GCC_WARN_UNUSED_VARIABLE = YES;
				IPHONEOS_DEPLOYMENT_TARGET = 13.1;
				MTL_ENABLE_DEBUG_INFO = NO;
				MTL_FAST_MATH = YES;
				SDKROOT = iphoneos;
				SWIFT_COMPILATION_MODE = wholemodule;
				SWIFT_OPTIMIZATION_LEVEL = "-O";
				VALIDATE_PRODUCT = YES;
			};
			name = Release;
		};
		96694CE423555EC500377AEE /* Debug */ = {
			isa = XCBuildConfiguration;
			baseConfigurationReference = AE190D37CDBB1509AC40D49E /* Pods-Vkontakte.debug.xcconfig */;
			buildSettings = {
				ASSETCATALOG_COMPILER_APPICON_NAME = AppIcon;
				CODE_SIGN_STYLE = Automatic;
				DEVELOPMENT_TEAM = TF94WL232F;
				INFOPLIST_FILE = Vkontakte/Info.plist;
				LD_RUNPATH_SEARCH_PATHS = (
					"$(inherited)",
					"@executable_path/Frameworks",
				);
				PRODUCT_BUNDLE_IDENTIFIER = EVM.Vkontakte;
				PRODUCT_NAME = "$(TARGET_NAME)";
				SWIFT_VERSION = 5.0;
				TARGETED_DEVICE_FAMILY = "1,2";
			};
			name = Debug;
		};
		96694CE523555EC500377AEE /* Release */ = {
			isa = XCBuildConfiguration;
			baseConfigurationReference = 05708177A79EEF0234DF0EB0 /* Pods-Vkontakte.release.xcconfig */;
			buildSettings = {
				ASSETCATALOG_COMPILER_APPICON_NAME = AppIcon;
				CODE_SIGN_STYLE = Automatic;
				DEVELOPMENT_TEAM = TF94WL232F;
				INFOPLIST_FILE = Vkontakte/Info.plist;
				LD_RUNPATH_SEARCH_PATHS = (
					"$(inherited)",
					"@executable_path/Frameworks",
				);
				PRODUCT_BUNDLE_IDENTIFIER = EVM.Vkontakte;
				PRODUCT_NAME = "$(TARGET_NAME)";
				SWIFT_VERSION = 5.0;
				TARGETED_DEVICE_FAMILY = "1,2";
			};
			name = Release;
		};
		96694CE723555EC500377AEE /* Debug */ = {
			isa = XCBuildConfiguration;
			baseConfigurationReference = D62AA880C547AB9D8CBE8960 /* Pods-VkontakteTests.debug.xcconfig */;
			buildSettings = {
				ALWAYS_EMBED_SWIFT_STANDARD_LIBRARIES = YES;
				BUNDLE_LOADER = "$(TEST_HOST)";
				CODE_SIGN_STYLE = Automatic;
				DEVELOPMENT_TEAM = TF94WL232F;
				INFOPLIST_FILE = VkontakteTests/Info.plist;
				IPHONEOS_DEPLOYMENT_TARGET = 13.1;
				LD_RUNPATH_SEARCH_PATHS = (
					"$(inherited)",
					"@executable_path/Frameworks",
					"@loader_path/Frameworks",
				);
				PRODUCT_BUNDLE_IDENTIFIER = EVM.VkontakteTests;
				PRODUCT_NAME = "$(TARGET_NAME)";
				SWIFT_VERSION = 5.0;
				TARGETED_DEVICE_FAMILY = "1,2";
				TEST_HOST = "$(BUILT_PRODUCTS_DIR)/Vkontakte.app/Vkontakte";
			};
			name = Debug;
		};
		96694CE823555EC500377AEE /* Release */ = {
			isa = XCBuildConfiguration;
			baseConfigurationReference = 016F880A888591A1324B2B8F /* Pods-VkontakteTests.release.xcconfig */;
			buildSettings = {
				ALWAYS_EMBED_SWIFT_STANDARD_LIBRARIES = YES;
				BUNDLE_LOADER = "$(TEST_HOST)";
				CODE_SIGN_STYLE = Automatic;
				DEVELOPMENT_TEAM = TF94WL232F;
				INFOPLIST_FILE = VkontakteTests/Info.plist;
				IPHONEOS_DEPLOYMENT_TARGET = 13.1;
				LD_RUNPATH_SEARCH_PATHS = (
					"$(inherited)",
					"@executable_path/Frameworks",
					"@loader_path/Frameworks",
				);
				PRODUCT_BUNDLE_IDENTIFIER = EVM.VkontakteTests;
				PRODUCT_NAME = "$(TARGET_NAME)";
				SWIFT_VERSION = 5.0;
				TARGETED_DEVICE_FAMILY = "1,2";
				TEST_HOST = "$(BUILT_PRODUCTS_DIR)/Vkontakte.app/Vkontakte";
			};
			name = Release;
		};
		96694CEA23555EC500377AEE /* Debug */ = {
			isa = XCBuildConfiguration;
			baseConfigurationReference = A8BE248A10E0A99D94A072A9 /* Pods-Vkontakte-VkontakteUITests.debug.xcconfig */;
			buildSettings = {
				ALWAYS_EMBED_SWIFT_STANDARD_LIBRARIES = YES;
				CODE_SIGN_STYLE = Automatic;
				DEVELOPMENT_TEAM = TF94WL232F;
				INFOPLIST_FILE = VkontakteUITests/Info.plist;
				LD_RUNPATH_SEARCH_PATHS = (
					"$(inherited)",
					"@executable_path/Frameworks",
					"@loader_path/Frameworks",
				);
				PRODUCT_BUNDLE_IDENTIFIER = EVM.VkontakteUITests;
				PRODUCT_NAME = "$(TARGET_NAME)";
				SWIFT_VERSION = 5.0;
				TARGETED_DEVICE_FAMILY = "1,2";
				TEST_TARGET_NAME = Vkontakte;
			};
			name = Debug;
		};
		96694CEB23555EC500377AEE /* Release */ = {
			isa = XCBuildConfiguration;
			baseConfigurationReference = 58B279B458CC39A29B6535C1 /* Pods-Vkontakte-VkontakteUITests.release.xcconfig */;
			buildSettings = {
				ALWAYS_EMBED_SWIFT_STANDARD_LIBRARIES = YES;
				CODE_SIGN_STYLE = Automatic;
				DEVELOPMENT_TEAM = TF94WL232F;
				INFOPLIST_FILE = VkontakteUITests/Info.plist;
				LD_RUNPATH_SEARCH_PATHS = (
					"$(inherited)",
					"@executable_path/Frameworks",
					"@loader_path/Frameworks",
				);
				PRODUCT_BUNDLE_IDENTIFIER = EVM.VkontakteUITests;
				PRODUCT_NAME = "$(TARGET_NAME)";
				SWIFT_VERSION = 5.0;
				TARGETED_DEVICE_FAMILY = "1,2";
				TEST_TARGET_NAME = Vkontakte;
			};
			name = Release;
		};
/* End XCBuildConfiguration section */

/* Begin XCConfigurationList section */
		96694CB423555EC300377AEE /* Build configuration list for PBXProject "Vkontakte" */ = {
			isa = XCConfigurationList;
			buildConfigurations = (
				96694CE123555EC500377AEE /* Debug */,
				96694CE223555EC500377AEE /* Release */,
			);
			defaultConfigurationIsVisible = 0;
			defaultConfigurationName = Release;
		};
		96694CE323555EC500377AEE /* Build configuration list for PBXNativeTarget "Vkontakte" */ = {
			isa = XCConfigurationList;
			buildConfigurations = (
				96694CE423555EC500377AEE /* Debug */,
				96694CE523555EC500377AEE /* Release */,
			);
			defaultConfigurationIsVisible = 0;
			defaultConfigurationName = Release;
		};
		96694CE623555EC500377AEE /* Build configuration list for PBXNativeTarget "VkontakteTests" */ = {
			isa = XCConfigurationList;
			buildConfigurations = (
				96694CE723555EC500377AEE /* Debug */,
				96694CE823555EC500377AEE /* Release */,
			);
			defaultConfigurationIsVisible = 0;
			defaultConfigurationName = Release;
		};
		96694CE923555EC500377AEE /* Build configuration list for PBXNativeTarget "VkontakteUITests" */ = {
			isa = XCConfigurationList;
			buildConfigurations = (
				96694CEA23555EC500377AEE /* Debug */,
				96694CEB23555EC500377AEE /* Release */,
			);
			defaultConfigurationIsVisible = 0;
			defaultConfigurationName = Release;
		};
/* End XCConfigurationList section */
	};
	rootObject = 96694CB123555EC300377AEE /* Project object */;
}
